{
  "name": "novaultapi",
  "version": "1.0.0",
  "lockfileVersion": 1,
  "requires": true,
  "dependencies": {
    "novaultpw": {
      "version": "1.0.0",
      "resolved": "https://registry.npmjs.org/novaultpw/-/novaultpw-1.0.0.tgz",
      "integrity": "sha512-j5Gd7pE6d9KbaQriF9qCNyy/3aWBJWaNkRbTiFL3aFLBzsR8X9bHfCCt+IrjXk/naUt9ERzXRLKJx1f2ClQjsg==",
      "requires": {
        "seedrandom": "^3.0.5"
      }
    },
    "seedrandom": {
      "version": "3.0.5",
      "resolved": "https://registry.npmjs.org/seedrandom/-/seedrandom-3.0.5.tgz",
      "integrity": "sha512-8OwmbklUNzwezjGInmZ+2clQmExQPvomqjL7LFqOYqtmuxRgQYqOD3mHaU+MvZn5FLUeVxVfQjwLZW/n/JFuqg=="
    }
  }
}
